// !$*UTF8*$!
{
	archiveVersion = 1;
	classes = {
	};
	objectVersion = 50;
	objects = {

/* Begin PBXBuildFile section */
		B058CDC223D38E8200436A9F /* AppDelegate.swift in Sources */ = {isa = PBXBuildFile; fileRef = B058CDC123D38E8200436A9F /* AppDelegate.swift */; };
		B058CDC423D38E8200436A9F /* ARViewController.swift in Sources */ = {isa = PBXBuildFile; fileRef = B058CDC323D38E8200436A9F /* ARViewController.swift */; };
		B058CDC923D38E8200436A9F /* Main.storyboard in Resources */ = {isa = PBXBuildFile; fileRef = B058CDC723D38E8200436A9F /* Main.storyboard */; };
		B058CDCB23D38E8200436A9F /* Assets.xcassets in Resources */ = {isa = PBXBuildFile; fileRef = B058CDCA23D38E8200436A9F /* Assets.xcassets */; };
		B058CDCE23D38E8200436A9F /* LaunchScreen.storyboard in Resources */ = {isa = PBXBuildFile; fileRef = B058CDCC23D38E8200436A9F /* LaunchScreen.storyboard */; };
		B058CDD923D38E8300436A9F /* VSiBL_PrototypeTests.swift in Sources */ = {isa = PBXBuildFile; fileRef = B058CDD823D38E8300436A9F /* VSiBL_PrototypeTests.swift */; };
		B058CDE423D38E8300436A9F /* VSiBL_PrototypeUITests.swift in Sources */ = {isa = PBXBuildFile; fileRef = B058CDE323D38E8300436A9F /* VSiBL_PrototypeUITests.swift */; };
		B058CDF423D3977C00436A9F /* ARViewController+Multipeer.swift in Sources */ = {isa = PBXBuildFile; fileRef = B058CDF323D3977C00436A9F /* ARViewController+Multipeer.swift */; };
		B058CDF723D397AD00436A9F /* MultipeerSession.swift in Sources */ = {isa = PBXBuildFile; fileRef = B058CDF623D397AD00436A9F /* MultipeerSession.swift */; };
		B0BB3C4F23D3FCE2001BF466 /* DeveloperAvatar.rcproject in Sources */ = {isa = PBXBuildFile; fileRef = B0BB3C4E23D3FCE2001BF466 /* DeveloperAvatar.rcproject */; };
		B0BB3C5123D402C1001BF466 /* StorytellerAvatar.rcproject in Sources */ = {isa = PBXBuildFile; fileRef = B0BB3C5023D402C1001BF466 /* StorytellerAvatar.rcproject */; };
		B0BB3C5323D40373001BF466 /* IncognitoAvatar.rcproject in Sources */ = {isa = PBXBuildFile; fileRef = B0BB3C5223D40372001BF466 /* IncognitoAvatar.rcproject */; };
		B0BB3C5523D40455001BF466 /* DesignerAvatar.rcproject in Sources */ = {isa = PBXBuildFile; fileRef = B0BB3C5423D40455001BF466 /* DesignerAvatar.rcproject */; };
		B0BB3C5723D405C0001BF466 /* StaffAvatar.rcproject in Sources */ = {isa = PBXBuildFile; fileRef = B0BB3C5623D405C0001BF466 /* StaffAvatar.rcproject */; };
		B0BB3C5D23D412F2001BF466 /* Profile.swift in Sources */ = {isa = PBXBuildFile; fileRef = B0BB3C5C23D412F2001BF466 /* Profile.swift */; };
/* End PBXBuildFile section */

/* Begin PBXContainerItemProxy section */
		B058CDD523D38E8300436A9F /* PBXContainerItemProxy */ = {
			isa = PBXContainerItemProxy;
			containerPortal = B058CDB623D38E8200436A9F /* Project object */;
			proxyType = 1;
			remoteGlobalIDString = B058CDBD23D38E8200436A9F;
			remoteInfo = "VSiBL Prototype";
		};
		B058CDE023D38E8300436A9F /* PBXContainerItemProxy */ = {
			isa = PBXContainerItemProxy;
			containerPortal = B058CDB623D38E8200436A9F /* Project object */;
			proxyType = 1;
			remoteGlobalIDString = B058CDBD23D38E8200436A9F;
			remoteInfo = "VSiBL Prototype";
		};
/* End PBXContainerItemProxy section */

/* Begin PBXFileReference section */
		B058CDBE23D38E8200436A9F /* VSiBL Prototype.app */ = {isa = PBXFileReference; explicitFileType = wrapper.application; includeInIndex = 0; path = "VSiBL Prototype.app"; sourceTree = BUILT_PRODUCTS_DIR; };
		B058CDC123D38E8200436A9F /* AppDelegate.swift */ = {isa = PBXFileReference; lastKnownFileType = sourcecode.swift; path = AppDelegate.swift; sourceTree = "<group>"; };
		B058CDC323D38E8200436A9F /* ARViewController.swift */ = {isa = PBXFileReference; lastKnownFileType = sourcecode.swift; path = ARViewController.swift; sourceTree = "<group>"; };
		B058CDC823D38E8200436A9F /* Base */ = {isa = PBXFileReference; lastKnownFileType = file.storyboard; name = Base; path = Base.lproj/Main.storyboard; sourceTree = "<group>"; };
		B058CDCA23D38E8200436A9F /* Assets.xcassets */ = {isa = PBXFileReference; lastKnownFileType = folder.assetcatalog; path = Assets.xcassets; sourceTree = "<group>"; };
		B058CDCD23D38E8200436A9F /* Base */ = {isa = PBXFileReference; lastKnownFileType = file.storyboard; name = Base; path = Base.lproj/LaunchScreen.storyboard; sourceTree = "<group>"; };
		B058CDCF23D38E8200436A9F /* Info.plist */ = {isa = PBXFileReference; lastKnownFileType = text.plist.xml; path = Info.plist; sourceTree = "<group>"; };
		B058CDD423D38E8300436A9F /* VSiBL PrototypeTests.xctest */ = {isa = PBXFileReference; explicitFileType = wrapper.cfbundle; includeInIndex = 0; path = "VSiBL PrototypeTests.xctest"; sourceTree = BUILT_PRODUCTS_DIR; };
		B058CDD823D38E8300436A9F /* VSiBL_PrototypeTests.swift */ = {isa = PBXFileReference; lastKnownFileType = sourcecode.swift; path = VSiBL_PrototypeTests.swift; sourceTree = "<group>"; };
		B058CDDA23D38E8300436A9F /* Info.plist */ = {isa = PBXFileReference; lastKnownFileType = text.plist.xml; path = Info.plist; sourceTree = "<group>"; };
		B058CDDF23D38E8300436A9F /* VSiBL PrototypeUITests.xctest */ = {isa = PBXFileReference; explicitFileType = wrapper.cfbundle; includeInIndex = 0; path = "VSiBL PrototypeUITests.xctest"; sourceTree = BUILT_PRODUCTS_DIR; };
		B058CDE323D38E8300436A9F /* VSiBL_PrototypeUITests.swift */ = {isa = PBXFileReference; lastKnownFileType = sourcecode.swift; path = VSiBL_PrototypeUITests.swift; sourceTree = "<group>"; };
		B058CDE523D38E8300436A9F /* Info.plist */ = {isa = PBXFileReference; lastKnownFileType = text.plist.xml; path = Info.plist; sourceTree = "<group>"; };
		B058CDF323D3977C00436A9F /* ARViewController+Multipeer.swift */ = {isa = PBXFileReference; lastKnownFileType = sourcecode.swift; path = "ARViewController+Multipeer.swift"; sourceTree = "<group>"; };
		B058CDF623D397AD00436A9F /* MultipeerSession.swift */ = {isa = PBXFileReference; lastKnownFileType = sourcecode.swift; path = MultipeerSession.swift; sourceTree = "<group>"; };
		B0BB3C4E23D3FCE2001BF466 /* DeveloperAvatar.rcproject */ = {isa = PBXFileReference; lastKnownFileType = file.rcproject; path = DeveloperAvatar.rcproject; sourceTree = "<group>"; };
		B0BB3C5023D402C1001BF466 /* StorytellerAvatar.rcproject */ = {isa = PBXFileReference; lastKnownFileType = file.rcproject; path = StorytellerAvatar.rcproject; sourceTree = "<group>"; };
		B0BB3C5223D40372001BF466 /* IncognitoAvatar.rcproject */ = {isa = PBXFileReference; lastKnownFileType = file.rcproject; path = IncognitoAvatar.rcproject; sourceTree = "<group>"; };
		B0BB3C5423D40455001BF466 /* DesignerAvatar.rcproject */ = {isa = PBXFileReference; lastKnownFileType = file.rcproject; path = DesignerAvatar.rcproject; sourceTree = "<group>"; };
		B0BB3C5623D405C0001BF466 /* StaffAvatar.rcproject */ = {isa = PBXFileReference; lastKnownFileType = file.rcproject; path = StaffAvatar.rcproject; sourceTree = "<group>"; };
		B0BB3C5C23D412F2001BF466 /* Profile.swift */ = {isa = PBXFileReference; lastKnownFileType = sourcecode.swift; path = Profile.swift; sourceTree = "<group>"; };
/* End PBXFileReference section */

/* Begin PBXFrameworksBuildPhase section */
		B058CDBB23D38E8200436A9F /* Frameworks */ = {
			isa = PBXFrameworksBuildPhase;
			buildActionMask = 2147483647;
			files = (
			);
			runOnlyForDeploymentPostprocessing = 0;
		};
		B058CDD123D38E8300436A9F /* Frameworks */ = {
			isa = PBXFrameworksBuildPhase;
			buildActionMask = 2147483647;
			files = (
			);
			runOnlyForDeploymentPostprocessing = 0;
		};
		B058CDDC23D38E8300436A9F /* Frameworks */ = {
			isa = PBXFrameworksBuildPhase;
			buildActionMask = 2147483647;
			files = (
			);
			runOnlyForDeploymentPostprocessing = 0;
		};
/* End PBXFrameworksBuildPhase section */

/* Begin PBXGroup section */
		B058CDB523D38E8200436A9F = {
			isa = PBXGroup;
			children = (
				B058CDC023D38E8200436A9F /* VSiBL Prototype */,
				B058CDD723D38E8300436A9F /* VSiBL PrototypeTests */,
				B058CDE223D38E8300436A9F /* VSiBL PrototypeUITests */,
				B058CDBF23D38E8200436A9F /* Products */,
			);
			sourceTree = "<group>";
		};
		B058CDBF23D38E8200436A9F /* Products */ = {
			isa = PBXGroup;
			children = (
				B058CDBE23D38E8200436A9F /* VSiBL Prototype.app */,
				B058CDD423D38E8300436A9F /* VSiBL PrototypeTests.xctest */,
				B058CDDF23D38E8300436A9F /* VSiBL PrototypeUITests.xctest */,
			);
			name = Products;
			sourceTree = "<group>";
		};
		B058CDC023D38E8200436A9F /* VSiBL Prototype */ = {
			isa = PBXGroup;
			children = (
				B058CDC123D38E8200436A9F /* AppDelegate.swift */,
				B0BB3C5B23D412E5001BF466 /* Models */,
				B058CDF223D3975100436A9F /* Controllers */,
				B0FF80CA23D3D60C00C1F62E /* Assets */,
				B058CDF523D397A200436A9F /* External */,
				B058CDF123D3922000436A9F /* Storyboards */,
				B058CDCA23D38E8200436A9F /* Assets.xcassets */,
				B058CDCF23D38E8200436A9F /* Info.plist */,
			);
			path = "VSiBL Prototype";
			sourceTree = "<group>";
		};
		B058CDD723D38E8300436A9F /* VSiBL PrototypeTests */ = {
			isa = PBXGroup;
			children = (
				B058CDD823D38E8300436A9F /* VSiBL_PrototypeTests.swift */,
				B058CDDA23D38E8300436A9F /* Info.plist */,
			);
			path = "VSiBL PrototypeTests";
			sourceTree = "<group>";
		};
		B058CDE223D38E8300436A9F /* VSiBL PrototypeUITests */ = {
			isa = PBXGroup;
			children = (
				B058CDE323D38E8300436A9F /* VSiBL_PrototypeUITests.swift */,
				B058CDE523D38E8300436A9F /* Info.plist */,
			);
			path = "VSiBL PrototypeUITests";
			sourceTree = "<group>";
		};
		B058CDF123D3922000436A9F /* Storyboards */ = {
			isa = PBXGroup;
			children = (
				B058CDC723D38E8200436A9F /* Main.storyboard */,
				B058CDCC23D38E8200436A9F /* LaunchScreen.storyboard */,
			);
			path = Storyboards;
			sourceTree = "<group>";
		};
		B058CDF223D3975100436A9F /* Controllers */ = {
			isa = PBXGroup;
			children = (
				B058CDC323D38E8200436A9F /* ARViewController.swift */,
				B058CDF323D3977C00436A9F /* ARViewController+Multipeer.swift */,
			);
			path = Controllers;
			sourceTree = "<group>";
		};
		B058CDF523D397A200436A9F /* External */ = {
			isa = PBXGroup;
			children = (
				B058CDF823D397B200436A9F /* Apple */,
			);
			path = External;
			sourceTree = "<group>";
		};
		B058CDF823D397B200436A9F /* Apple */ = {
			isa = PBXGroup;
			children = (
				B058CDF623D397AD00436A9F /* MultipeerSession.swift */,
			);
			path = Apple;
			sourceTree = "<group>";
		};
		B0BB3C5B23D412E5001BF466 /* Models */ = {
			isa = PBXGroup;
			children = (
				B0BB3C5C23D412F2001BF466 /* Profile.swift */,
			);
			path = Models;
			sourceTree = "<group>";
		};
		B0FF80CA23D3D60C00C1F62E /* Assets */ = {
			isa = PBXGroup;
			children = (
				B0BB3C5423D40455001BF466 /* DesignerAvatar.rcproject */,
				B0BB3C5223D40372001BF466 /* IncognitoAvatar.rcproject */,
				B0BB3C5023D402C1001BF466 /* StorytellerAvatar.rcproject */,
				B0BB3C4E23D3FCE2001BF466 /* DeveloperAvatar.rcproject */,
				B0BB3C5623D405C0001BF466 /* StaffAvatar.rcproject */,
			);
			path = Assets;
			sourceTree = "<group>";
		};
/* End PBXGroup section */

/* Begin PBXNativeTarget section */
		B058CDBD23D38E8200436A9F /* VSiBL Prototype */ = {
			isa = PBXNativeTarget;
			buildConfigurationList = B058CDE823D38E8300436A9F /* Build configuration list for PBXNativeTarget "VSiBL Prototype" */;
			buildPhases = (
				B058CDBA23D38E8200436A9F /* Sources */,
				B058CDBB23D38E8200436A9F /* Frameworks */,
				B058CDBC23D38E8200436A9F /* Resources */,
			);
			buildRules = (
			);
			dependencies = (
			);
			name = "VSiBL Prototype";
			productName = "VSiBL Prototype";
			productReference = B058CDBE23D38E8200436A9F /* VSiBL Prototype.app */;
			productType = "com.apple.product-type.application";
		};
		B058CDD323D38E8300436A9F /* VSiBL PrototypeTests */ = {
			isa = PBXNativeTarget;
			buildConfigurationList = B058CDEB23D38E8300436A9F /* Build configuration list for PBXNativeTarget "VSiBL PrototypeTests" */;
			buildPhases = (
				B058CDD023D38E8300436A9F /* Sources */,
				B058CDD123D38E8300436A9F /* Frameworks */,
				B058CDD223D38E8300436A9F /* Resources */,
			);
			buildRules = (
			);
			dependencies = (
				B058CDD623D38E8300436A9F /* PBXTargetDependency */,
			);
			name = "VSiBL PrototypeTests";
			productName = "VSiBL PrototypeTests";
			productReference = B058CDD423D38E8300436A9F /* VSiBL PrototypeTests.xctest */;
			productType = "com.apple.product-type.bundle.unit-test";
		};
		B058CDDE23D38E8300436A9F /* VSiBL PrototypeUITests */ = {
			isa = PBXNativeTarget;
			buildConfigurationList = B058CDEE23D38E8300436A9F /* Build configuration list for PBXNativeTarget "VSiBL PrototypeUITests" */;
			buildPhases = (
				B058CDDB23D38E8300436A9F /* Sources */,
				B058CDDC23D38E8300436A9F /* Frameworks */,
				B058CDDD23D38E8300436A9F /* Resources */,
			);
			buildRules = (
			);
			dependencies = (
				B058CDE123D38E8300436A9F /* PBXTargetDependency */,
			);
			name = "VSiBL PrototypeUITests";
			productName = "VSiBL PrototypeUITests";
			productReference = B058CDDF23D38E8300436A9F /* VSiBL PrototypeUITests.xctest */;
			productType = "com.apple.product-type.bundle.ui-testing";
		};
/* End PBXNativeTarget section */

/* Begin PBXProject section */
		B058CDB623D38E8200436A9F /* Project object */ = {
			isa = PBXProject;
			attributes = {
				LastSwiftUpdateCheck = 1130;
				LastUpgradeCheck = 1130;
				ORGANIZATIONNAME = VSiBL;
				TargetAttributes = {
					B058CDBD23D38E8200436A9F = {
						CreatedOnToolsVersion = 11.3.1;
					};
					B058CDD323D38E8300436A9F = {
						CreatedOnToolsVersion = 11.3.1;
						TestTargetID = B058CDBD23D38E8200436A9F;
					};
					B058CDDE23D38E8300436A9F = {
						CreatedOnToolsVersion = 11.3.1;
						TestTargetID = B058CDBD23D38E8200436A9F;
					};
				};
			};
			buildConfigurationList = B058CDB923D38E8200436A9F /* Build configuration list for PBXProject "VSiBL Prototype" */;
			compatibilityVersion = "Xcode 9.3";
			developmentRegion = en;
			hasScannedForEncodings = 0;
			knownRegions = (
				en,
				Base,
			);
			mainGroup = B058CDB523D38E8200436A9F;
			productRefGroup = B058CDBF23D38E8200436A9F /* Products */;
			projectDirPath = "";
			projectRoot = "";
			targets = (
				B058CDBD23D38E8200436A9F /* VSiBL Prototype */,
				B058CDD323D38E8300436A9F /* VSiBL PrototypeTests */,
				B058CDDE23D38E8300436A9F /* VSiBL PrototypeUITests */,
			);
		};
/* End PBXProject section */

/* Begin PBXResourcesBuildPhase section */
		B058CDBC23D38E8200436A9F /* Resources */ = {
			isa = PBXResourcesBuildPhase;
			buildActionMask = 2147483647;
			files = (
				B058CDCE23D38E8200436A9F /* LaunchScreen.storyboard in Resources */,
				B058CDCB23D38E8200436A9F /* Assets.xcassets in Resources */,
				B058CDC923D38E8200436A9F /* Main.storyboard in Resources */,
			);
			runOnlyForDeploymentPostprocessing = 0;
		};
		B058CDD223D38E8300436A9F /* Resources */ = {
			isa = PBXResourcesBuildPhase;
			buildActionMask = 2147483647;
			files = (
			);
			runOnlyForDeploymentPostprocessing = 0;
		};
		B058CDDD23D38E8300436A9F /* Resources */ = {
			isa = PBXResourcesBuildPhase;
			buildActionMask = 2147483647;
			files = (
			);
			runOnlyForDeploymentPostprocessing = 0;
		};
/* End PBXResourcesBuildPhase section */

/* Begin PBXSourcesBuildPhase section */
		B058CDBA23D38E8200436A9F /* Sources */ = {
			isa = PBXSourcesBuildPhase;
			buildActionMask = 2147483647;
			files = (
				B0BB3C4F23D3FCE2001BF466 /* DeveloperAvatar.rcproject in Sources */,
				B0BB3C5D23D412F2001BF466 /* Profile.swift in Sources */,
				B058CDC423D38E8200436A9F /* ARViewController.swift in Sources */,
				B0BB3C5723D405C0001BF466 /* StaffAvatar.rcproject in Sources */,
				B0BB3C5323D40373001BF466 /* IncognitoAvatar.rcproject in Sources */,
				B058CDC223D38E8200436A9F /* AppDelegate.swift in Sources */,
				B058CDF723D397AD00436A9F /* MultipeerSession.swift in Sources */,
				B058CDF423D3977C00436A9F /* ARViewController+Multipeer.swift in Sources */,
				B0BB3C5123D402C1001BF466 /* StorytellerAvatar.rcproject in Sources */,
				B0BB3C5523D40455001BF466 /* DesignerAvatar.rcproject in Sources */,
			);
			runOnlyForDeploymentPostprocessing = 0;
		};
		B058CDD023D38E8300436A9F /* Sources */ = {
			isa = PBXSourcesBuildPhase;
			buildActionMask = 2147483647;
			files = (
				B058CDD923D38E8300436A9F /* VSiBL_PrototypeTests.swift in Sources */,
			);
			runOnlyForDeploymentPostprocessing = 0;
		};
		B058CDDB23D38E8300436A9F /* Sources */ = {
			isa = PBXSourcesBuildPhase;
			buildActionMask = 2147483647;
			files = (
				B058CDE423D38E8300436A9F /* VSiBL_PrototypeUITests.swift in Sources */,
			);
			runOnlyForDeploymentPostprocessing = 0;
		};
/* End PBXSourcesBuildPhase section */

/* Begin PBXTargetDependency section */
		B058CDD623D38E8300436A9F /* PBXTargetDependency */ = {
			isa = PBXTargetDependency;
			target = B058CDBD23D38E8200436A9F /* VSiBL Prototype */;
			targetProxy = B058CDD523D38E8300436A9F /* PBXContainerItemProxy */;
		};
		B058CDE123D38E8300436A9F /* PBXTargetDependency */ = {
			isa = PBXTargetDependency;
			target = B058CDBD23D38E8200436A9F /* VSiBL Prototype */;
			targetProxy = B058CDE023D38E8300436A9F /* PBXContainerItemProxy */;
		};
/* End PBXTargetDependency section */

/* Begin PBXVariantGroup section */
		B058CDC723D38E8200436A9F /* Main.storyboard */ = {
			isa = PBXVariantGroup;
			children = (
				B058CDC823D38E8200436A9F /* Base */,
			);
			name = Main.storyboard;
			sourceTree = "<group>";
		};
		B058CDCC23D38E8200436A9F /* LaunchScreen.storyboard */ = {
			isa = PBXVariantGroup;
			children = (
				B058CDCD23D38E8200436A9F /* Base */,
			);
			name = LaunchScreen.storyboard;
			sourceTree = "<group>";
		};
/* End PBXVariantGroup section */

/* Begin XCBuildConfiguration section */
		B058CDE623D38E8300436A9F /* Debug */ = {
			isa = XCBuildConfiguration;
			buildSettings = {
				ALWAYS_SEARCH_USER_PATHS = NO;
				CLANG_ANALYZER_NONNULL = YES;
				CLANG_ANALYZER_NUMBER_OBJECT_CONVERSION = YES_AGGRESSIVE;
				CLANG_CXX_LANGUAGE_STANDARD = "gnu++14";
				CLANG_CXX_LIBRARY = "libc++";
				CLANG_ENABLE_MODULES = YES;
				CLANG_ENABLE_OBJC_ARC = YES;
				CLANG_ENABLE_OBJC_WEAK = YES;
				CLANG_WARN_BLOCK_CAPTURE_AUTORELEASING = YES;
				CLANG_WARN_BOOL_CONVERSION = YES;
				CLANG_WARN_COMMA = YES;
				CLANG_WARN_CONSTANT_CONVERSION = YES;
				CLANG_WARN_DEPRECATED_OBJC_IMPLEMENTATIONS = YES;
				CLANG_WARN_DIRECT_OBJC_ISA_USAGE = YES_ERROR;
				CLANG_WARN_DOCUMENTATION_COMMENTS = YES;
				CLANG_WARN_EMPTY_BODY = YES;
				CLANG_WARN_ENUM_CONVERSION = YES;
				CLANG_WARN_INFINITE_RECURSION = YES;
				CLANG_WARN_INT_CONVERSION = YES;
				CLANG_WARN_NON_LITERAL_NULL_CONVERSION = YES;
				CLANG_WARN_OBJC_IMPLICIT_RETAIN_SELF = YES;
				CLANG_WARN_OBJC_LITERAL_CONVERSION = YES;
				CLANG_WARN_OBJC_ROOT_CLASS = YES_ERROR;
				CLANG_WARN_RANGE_LOOP_ANALYSIS = YES;
				CLANG_WARN_STRICT_PROTOTYPES = YES;
				CLANG_WARN_SUSPICIOUS_MOVE = YES;
				CLANG_WARN_UNGUARDED_AVAILABILITY = YES_AGGRESSIVE;
				CLANG_WARN_UNREACHABLE_CODE = YES;
				CLANG_WARN__DUPLICATE_METHOD_MATCH = YES;
				COPY_PHASE_STRIP = NO;
				DEBUG_INFORMATION_FORMAT = dwarf;
				ENABLE_STRICT_OBJC_MSGSEND = YES;
				ENABLE_TESTABILITY = YES;
				GCC_C_LANGUAGE_STANDARD = gnu11;
				GCC_DYNAMIC_NO_PIC = NO;
				GCC_NO_COMMON_BLOCKS = YES;
				GCC_OPTIMIZATION_LEVEL = 0;
				GCC_PREPROCESSOR_DEFINITIONS = (
					"DEBUG=1",
					"$(inherited)",
				);
				GCC_WARN_64_TO_32_BIT_CONVERSION = YES;
				GCC_WARN_ABOUT_RETURN_TYPE = YES_ERROR;
				GCC_WARN_UNDECLARED_SELECTOR = YES;
				GCC_WARN_UNINITIALIZED_AUTOS = YES_AGGRESSIVE;
				GCC_WARN_UNUSED_FUNCTION = YES;
				GCC_WARN_UNUSED_VARIABLE = YES;
				IPHONEOS_DEPLOYMENT_TARGET = 13.2;
				MTL_ENABLE_DEBUG_INFO = INCLUDE_SOURCE;
				MTL_FAST_MATH = YES;
				ONLY_ACTIVE_ARCH = YES;
				SDKROOT = iphoneos;
				SWIFT_ACTIVE_COMPILATION_CONDITIONS = DEBUG;
				SWIFT_OPTIMIZATION_LEVEL = "-Onone";
			};
			name = Debug;
		};
		B058CDE723D38E8300436A9F /* Release */ = {
			isa = XCBuildConfiguration;
			buildSettings = {
				ALWAYS_SEARCH_USER_PATHS = NO;
				CLANG_ANALYZER_NONNULL = YES;
				CLANG_ANALYZER_NUMBER_OBJECT_CONVERSION = YES_AGGRESSIVE;
				CLANG_CXX_LANGUAGE_STANDARD = "gnu++14";
				CLANG_CXX_LIBRARY = "libc++";
				CLANG_ENABLE_MODULES = YES;
				CLANG_ENABLE_OBJC_ARC = YES;
				CLANG_ENABLE_OBJC_WEAK = YES;
				CLANG_WARN_BLOCK_CAPTURE_AUTORELEASING = YES;
				CLANG_WARN_BOOL_CONVERSION = YES;
				CLANG_WARN_COMMA = YES;
				CLANG_WARN_CONSTANT_CONVERSION = YES;
				CLANG_WARN_DEPRECATED_OBJC_IMPLEMENTATIONS = YES;
				CLANG_WARN_DIRECT_OBJC_ISA_USAGE = YES_ERROR;
				CLANG_WARN_DOCUMENTATION_COMMENTS = YES;
				CLANG_WARN_EMPTY_BODY = YES;
				CLANG_WARN_ENUM_CONVERSION = YES;
				CLANG_WARN_INFINITE_RECURSION = YES;
				CLANG_WARN_INT_CONVERSION = YES;
				CLANG_WARN_NON_LITERAL_NULL_CONVERSION = YES;
				CLANG_WARN_OBJC_IMPLICIT_RETAIN_SELF = YES;
				CLANG_WARN_OBJC_LITERAL_CONVERSION = YES;
				CLANG_WARN_OBJC_ROOT_CLASS = YES_ERROR;
				CLANG_WARN_RANGE_LOOP_ANALYSIS = YES;
				CLANG_WARN_STRICT_PROTOTYPES = YES;
				CLANG_WARN_SUSPICIOUS_MOVE = YES;
				CLANG_WARN_UNGUARDED_AVAILABILITY = YES_AGGRESSIVE;
				CLANG_WARN_UNREACHABLE_CODE = YES;
				CLANG_WARN__DUPLICATE_METHOD_MATCH = YES;
				COPY_PHASE_STRIP = NO;
				DEBUG_INFORMATION_FORMAT = "dwarf-with-dsym";
				ENABLE_NS_ASSERTIONS = NO;
				ENABLE_STRICT_OBJC_MSGSEND = YES;
				GCC_C_LANGUAGE_STANDARD = gnu11;
				GCC_NO_COMMON_BLOCKS = YES;
				GCC_WARN_64_TO_32_BIT_CONVERSION = YES;
				GCC_WARN_ABOUT_RETURN_TYPE = YES_ERROR;
				GCC_WARN_UNDECLARED_SELECTOR = YES;
				GCC_WARN_UNINITIALIZED_AUTOS = YES_AGGRESSIVE;
				GCC_WARN_UNUSED_FUNCTION = YES;
				GCC_WARN_UNUSED_VARIABLE = YES;
				IPHONEOS_DEPLOYMENT_TARGET = 13.2;
				MTL_ENABLE_DEBUG_INFO = NO;
				MTL_FAST_MATH = YES;
				SDKROOT = iphoneos;
				SWIFT_COMPILATION_MODE = wholemodule;
				SWIFT_OPTIMIZATION_LEVEL = "-O";
				VALIDATE_PRODUCT = YES;
			};
			name = Release;
		};
		B058CDE923D38E8300436A9F /* Debug */ = {
			isa = XCBuildConfiguration;
			buildSettings = {
				ASSETCATALOG_COMPILER_APPICON_NAME = AppIcon;
				CODE_SIGN_STYLE = Automatic;
				DEVELOPMENT_TEAM = 6NHC5MJ424;
				INFOPLIST_FILE = "VSiBL Prototype/Info.plist";
				LD_RUNPATH_SEARCH_PATHS = (
					"$(inherited)",
					"@executable_path/Frameworks",
				);
				MARKETING_VERSION = 1.0.0;
				PRODUCT_BUNDLE_IDENTIFIER = "com.vsibl.VSiBL-Prototype";
				PRODUCT_NAME = "$(TARGET_NAME)";
				SWIFT_VERSION = 5.0;
				TARGETED_DEVICE_FAMILY = "1,2";
			};
			name = Debug;
		};
		B058CDEA23D38E8300436A9F /* Release */ = {
			isa = XCBuildConfiguration;
			buildSettings = {
				ASSETCATALOG_COMPILER_APPICON_NAME = AppIcon;
				CODE_SIGN_STYLE = Automatic;
				DEVELOPMENT_TEAM = 6NHC5MJ424;
				INFOPLIST_FILE = "VSiBL Prototype/Info.plist";
				LD_RUNPATH_SEARCH_PATHS = (
					"$(inherited)",
					"@executable_path/Frameworks",
				);
				MARKETING_VERSION = 1.0.0;
				PRODUCT_BUNDLE_IDENTIFIER = "com.vsibl.VSiBL-Prototype";
				PRODUCT_NAME = "$(TARGET_NAME)";
				SWIFT_VERSION = 5.0;
				TARGETED_DEVICE_FAMILY = "1,2";
			};
			name = Release;
		};
		B058CDEC23D38E8300436A9F /* Debug */ = {
			isa = XCBuildConfiguration;
			buildSettings = {
				ALWAYS_EMBED_SWIFT_STANDARD_LIBRARIES = YES;
				BUNDLE_LOADER = "$(TEST_HOST)";
				CODE_SIGN_STYLE = Automatic;
				DEVELOPMENT_TEAM = 6NHC5MJ424;
				INFOPLIST_FILE = "VSiBL PrototypeTests/Info.plist";
				IPHONEOS_DEPLOYMENT_TARGET = 13.2;
				LD_RUNPATH_SEARCH_PATHS = (
					"$(inherited)",
					"@executable_path/Frameworks",
					"@loader_path/Frameworks",
				);
				PRODUCT_BUNDLE_IDENTIFIER = "com.vsibl.VSiBL-PrototypeTests";
				PRODUCT_NAME = "$(TARGET_NAME)";
				SWIFT_VERSION = 5.0;
				TARGETED_DEVICE_FAMILY = "1,2";
				TEST_HOST = "$(BUILT_PRODUCTS_DIR)/VSiBL Prototype.app/VSiBL Prototype";
			};
			name = Debug;
		};
		B058CDED23D38E8300436A9F /* Release */ = {
			isa = XCBuildConfiguration;
			buildSettings = {
				ALWAYS_EMBED_SWIFT_STANDARD_LIBRARIES = YES;
				BUNDLE_LOADER = "$(TEST_HOST)";
				CODE_SIGN_STYLE = Automatic;
				DEVELOPMENT_TEAM = 6NHC5MJ424;
				INFOPLIST_FILE = "VSiBL PrototypeTests/Info.plist";
				IPHONEOS_DEPLOYMENT_TARGET = 13.2;
				LD_RUNPATH_SEARCH_PATHS = (
					"$(inherited)",
					"@executable_path/Frameworks",
					"@loader_path/Frameworks",
				);
				PRODUCT_BUNDLE_IDENTIFIER = "com.vsibl.VSiBL-PrototypeTests";
				PRODUCT_NAME = "$(TARGET_NAME)";
				SWIFT_VERSION = 5.0;
				TARGETED_DEVICE_FAMILY = "1,2";
				TEST_HOST = "$(BUILT_PRODUCTS_DIR)/VSiBL Prototype.app/VSiBL Prototype";
			};
			name = Release;
		};
		B058CDEF23D38E8300436A9F /* Debug */ = {
			isa = XCBuildConfiguration;
			buildSettings = {
				ALWAYS_EMBED_SWIFT_STANDARD_LIBRARIES = YES;
				CODE_SIGN_STYLE = Automatic;
				DEVELOPMENT_TEAM = 6NHC5MJ424;
				INFOPLIST_FILE = "VSiBL PrototypeUITests/Info.plist";
				LD_RUNPATH_SEARCH_PATHS = (
					"$(inherited)",
					"@executable_path/Frameworks",
					"@loader_path/Frameworks",
				);
				PRODUCT_BUNDLE_IDENTIFIER = "com.vsibl.VSiBL-PrototypeUITests";
				PRODUCT_NAME = "$(TARGET_NAME)";
				SWIFT_VERSION = 5.0;
				TARGETED_DEVICE_FAMILY = "1,2";
				TEST_TARGET_NAME = "VSiBL Prototype";
			};
			name = Debug;
		};
		B058CDF023D38E8300436A9F /* Release */ = {
			isa = XCBuildConfiguration;
			buildSettings = {
				ALWAYS_EMBED_SWIFT_STANDARD_LIBRARIES = YES;
				CODE_SIGN_STYLE = Automatic;
				DEVELOPMENT_TEAM = 6NHC5MJ424;
				INFOPLIST_FILE = "VSiBL PrototypeUITests/Info.plist";
				LD_RUNPATH_SEARCH_PATHS = (
					"$(inherited)",
					"@executable_path/Frameworks",
					"@loader_path/Frameworks",
				);
				PRODUCT_BUNDLE_IDENTIFIER = "com.vsibl.VSiBL-PrototypeUITests";
				PRODUCT_NAME = "$(TARGET_NAME)";
				SWIFT_VERSION = 5.0;
				TARGETED_DEVICE_FAMILY = "1,2";
				TEST_TARGET_NAME = "VSiBL Prototype";
			};
			name = Release;
		};
/* End XCBuildConfiguration section */

/* Begin XCConfigurationList section */
		B058CDB923D38E8200436A9F /* Build configuration list for PBXProject "VSiBL Prototype" */ = {
			isa = XCConfigurationList;
			buildConfigurations = (
				B058CDE623D38E8300436A9F /* Debug */,
				B058CDE723D38E8300436A9F /* Release */,
			);
			defaultConfigurationIsVisible = 0;
			defaultConfigurationName = Release;
		};
		B058CDE823D38E8300436A9F /* Build configuration list for PBXNativeTarget "VSiBL Prototype" */ = {
			isa = XCConfigurationList;
			buildConfigurations = (
				B058CDE923D38E8300436A9F /* Debug */,
				B058CDEA23D38E8300436A9F /* Release */,
			);
			defaultConfigurationIsVisible = 0;
			defaultConfigurationName = Release;
		};
		B058CDEB23D38E8300436A9F /* Build configuration list for PBXNativeTarget "VSiBL PrototypeTests" */ = {
			isa = XCConfigurationList;
			buildConfigurations = (
				B058CDEC23D38E8300436A9F /* Debug */,
				B058CDED23D38E8300436A9F /* Release */,
			);
			defaultConfigurationIsVisible = 0;
			defaultConfigurationName = Release;
		};
		B058CDEE23D38E8300436A9F /* Build configuration list for PBXNativeTarget "VSiBL PrototypeUITests" */ = {
			isa = XCConfigurationList;
			buildConfigurations = (
				B058CDEF23D38E8300436A9F /* Debug */,
				B058CDF023D38E8300436A9F /* Release */,
			);
			defaultConfigurationIsVisible = 0;
			defaultConfigurationName = Release;
		};
/* End XCConfigurationList section */
	};
	rootObject = B058CDB623D38E8200436A9F /* Project object */;
}
